
Microsoft Visual Studio Solution File, Format Version 12.00
# Visual Studio Version 16
VisualStudioVersion = 16.0.32602.291
MinimumVisualStudioVersion = 10.0.40219.1
Project("{F2A71F9B-5D33-465A-A702-920D77279786}") = "WebApp", "WebApp\WebApp.fsproj", "{A7AE9E6E-AE78-4322-92B1-3FC17CD5B00B}"
EndProject
Global
	GlobalSection(SolutionConfigurationPlatforms) = preSolution
		Debug|Any CPU = Debug|Any CPU
		Release|Any CPU = Release|Any CPU
	EndGlobalSection
	GlobalSection(ProjectConfigurationPlatforms) = postSolution
		{A7AE9E6E-AE78-4322-92B1-3FC17CD5B00B}.Debug|Any CPU.ActiveCfg = Debug|Any CPU
		{A7AE9E6E-AE78-4322-92B1-3FC17CD5B00B}.Debug|Any CPU.Build.0 = Debug|Any CPU
		{A7AE9E6E-AE78-4322-92B1-3FC17CD5B00B}.Release|Any CPU.ActiveCfg = Release|Any CPU
		{A7AE9E6E-AE78-4322-92B1-3FC17CD5B00B}.Release|Any CPU.Build.0 = Release|Any CPU
	EndGlobalSection
	GlobalSection(SolutionProperties) = preSolution
		HideSolutionNode = FALSE
	EndGlobalSection
	GlobalSection(ExtensibilityGlobals) = postSolution
		SolutionGuid = {8553704B-3F93-42E0-A758-51213856B6B2}
	EndGlobalSection
EndGlobal
